
Microsoft Visual Studio Solution File, Format Version 12.00
# Visual Studio 15
VisualStudioVersion = 15.0.27703.2000
MinimumVisualStudioVersion = 10.0.40219.1
Project("{FAE04EC0-301F-11D3-BF4B-00C04F79EFBC}") = "MikolHutnikFortuneTeller", "MikolHutnikFortuneTeller\MikolHutnikFortuneTeller.csproj", "{E9017001-D523-49E5-8C2B-087423B36E42}"
EndProject
Global
	GlobalSection(SolutionConfigurationPlatforms) = preSolution
		Debug|Any CPU = Debug|Any CPU
		Release|Any CPU = Release|Any CPU
	EndGlobalSection
	GlobalSection(ProjectConfigurationPlatforms) = postSolution
		{E9017001-D523-49E5-8C2B-087423B36E42}.Debug|Any CPU.ActiveCfg = Debug|Any CPU
		{E9017001-D523-49E5-8C2B-087423B36E42}.Debug|Any CPU.Build.0 = Debug|Any CPU
		{E9017001-D523-49E5-8C2B-087423B36E42}.Release|Any CPU.ActiveCfg = Release|Any CPU
		{E9017001-D523-49E5-8C2B-087423B36E42}.Release|Any CPU.Build.0 = Release|Any CPU
	EndGlobalSection
	GlobalSection(SolutionProperties) = preSolution
		HideSolutionNode = FALSE
	EndGlobalSection
	GlobalSection(ExtensibilityGlobals) = postSolution
		SolutionGuid = {E8F55B29-66D8-45EF-ADD2-09712C5E7900}
	EndGlobalSection
EndGlobal
